
Microsoft Visual Studio Solution File, Format Version 12.00
# Visual Studio 15
VisualStudioVersion = 15.0.26228.9
MinimumVisualStudioVersion = 10.0.40219.1
Project("{FAE04EC0-301F-11D3-BF4B-00C04F79EFBC}") = "BestTime.Desktop", "BestTime.Desktop\BestTime.Desktop.csproj", "{DB51716A-86C8-413A-8A4E-16BA2D79B3BC}"
EndProject
Project("{FAE04EC0-301F-11D3-BF4B-00C04F79EFBC}") = "BestTime.Library", "BestTime.Library\BestTime.Library.csproj", "{B1C76E48-9B96-4FCE-AE54-3F8C96BE9190}"
EndProject
Global
	GlobalSection(SolutionConfigurationPlatforms) = preSolution
		Debug|Any CPU = Debug|Any CPU
		Release|Any CPU = Release|Any CPU
	EndGlobalSection
	GlobalSection(ProjectConfigurationPlatforms) = postSolution
		{DB51716A-86C8-413A-8A4E-16BA2D79B3BC}.Debug|Any CPU.ActiveCfg = Debug|Any CPU
		{DB51716A-86C8-413A-8A4E-16BA2D79B3BC}.Debug|Any CPU.Build.0 = Debug|Any CPU
		{DB51716A-86C8-413A-8A4E-16BA2D79B3BC}.Release|Any CPU.ActiveCfg = Release|Any CPU
		{DB51716A-86C8-413A-8A4E-16BA2D79B3BC}.Release|Any CPU.Build.0 = Release|Any CPU
		{B1C76E48-9B96-4FCE-AE54-3F8C96BE9190}.Debug|Any CPU.ActiveCfg = Debug|Any CPU
		{B1C76E48-9B96-4FCE-AE54-3F8C96BE9190}.Debug|Any CPU.Build.0 = Debug|Any CPU
		{B1C76E48-9B96-4FCE-AE54-3F8C96BE9190}.Release|Any CPU.ActiveCfg = Release|Any CPU
		{B1C76E48-9B96-4FCE-AE54-3F8C96BE9190}.Release|Any CPU.Build.0 = Release|Any CPU
	EndGlobalSection
	GlobalSection(SolutionProperties) = preSolution
		HideSolutionNode = FALSE
	EndGlobalSection
EndGlobal
